
Microsoft Visual Studio Solution File, Format Version 10.00
# Visual Studio 2008
# SharpDevelop 3.0.0.3437
Project("{FAE04EC0-301F-11D3-BF4B-00C04F79EFBC}") = "ZensorChecker", "ZensorChecker\ZensorChecker.csproj", "{118F7239-4177-4C20-96D2-E1A6573239B1}"
EndProject
Global
	GlobalSection(SolutionConfigurationPlatforms) = preSolution
		Debug|Any CPU = Debug|Any CPU
		Release|Any CPU = Release|Any CPU
		GUI Release|Any CPU = GUI Release|Any CPU
		GUI Debug|Any CPU = GUI Debug|Any CPU
	EndGlobalSection
	GlobalSection(ProjectConfigurationPlatforms) = postSolution
		{118F7239-4177-4C20-96D2-E1A6573239B1}.Debug|Any CPU.Build.0 = Debug|Any CPU
		{118F7239-4177-4C20-96D2-E1A6573239B1}.Debug|Any CPU.ActiveCfg = Debug|Any CPU
		{118F7239-4177-4C20-96D2-E1A6573239B1}.Release|Any CPU.Build.0 = Release|Any CPU
		{118F7239-4177-4C20-96D2-E1A6573239B1}.Release|Any CPU.ActiveCfg = Release|Any CPU
		{118F7239-4177-4C20-96D2-E1A6573239B1}.GUI Release|Any CPU.Build.0 = GUI|Any CPU
		{118F7239-4177-4C20-96D2-E1A6573239B1}.GUI Release|Any CPU.ActiveCfg = GUI|Any CPU
		{118F7239-4177-4C20-96D2-E1A6573239B1}.GUI Debug|Any CPU.Build.0 = GUI Debug|Any CPU
		{118F7239-4177-4C20-96D2-E1A6573239B1}.GUI Debug|Any CPU.ActiveCfg = GUI Debug|Any CPU
	EndGlobalSection
EndGlobal
